
Microsoft Visual Studio Solution File, Format Version 12.00
# Visual Studio Version 17
Project("{8BC9CEB8-8B4A-11D0-8D11-00A0C91BC942}") = "ALL_BUILD", "ALL_BUILD.vcxproj", "{8476EF8E-7C13-37AB-95B5-16234C96BDB6}"
	ProjectSection(ProjectDependencies) = postProject
		{DC073BAC-0E77-358A-BE3E-47BB212EAC4A} = {DC073BAC-0E77-358A-BE3E-47BB212EAC4A}
		{B3300F45-A85A-3C16-B672-6B1D97A41589} = {B3300F45-A85A-3C16-B672-6B1D97A41589}
		{5A2FC43D-C29A-35AF-87D8-FB27D368AA58} = {5A2FC43D-C29A-35AF-87D8-FB27D368AA58}
		{376C1EAF-2839-3897-AF43-385D5C3BEE0B} = {376C1EAF-2839-3897-AF43-385D5C3BEE0B}
		{17FDE7FA-42E4-35CE-82EC-D42875852F98} = {17FDE7FA-42E4-35CE-82EC-D42875852F98}
		{3E4A471F-5B1F-327C-BE3E-B8FFC617EF16} = {3E4A471F-5B1F-327C-BE3E-B8FFC617EF16}
		{198BE404-1294-37C5-86FF-ED348FD9183C} = {198BE404-1294-37C5-86FF-ED348FD9183C}
		{F3DDE2F8-0272-3B9C-BE5F-9F35FEDCD92B} = {F3DDE2F8-0272-3B9C-BE5F-9F35FEDCD92B}
		{72123E18-1765-3ED2-8742-68D6216F2E62} = {72123E18-1765-3ED2-8742-68D6216F2E62}
	EndProjectSection
EndProject
Project("{8BC9CEB8-8B4A-11D0-8D11-00A0C91BC942}") = "ZERO_CHECK", "ZERO_CHECK.vcxproj", "{DC073BAC-0E77-358A-BE3E-47BB212EAC4A}"
	ProjectSection(ProjectDependencies) = postProject
	EndProjectSection
EndProject
Project("{8BC9CEB8-8B4A-11D0-8D11-00A0C91BC942}") = "cpp_client", "cpp_client.vcxproj", "{B3300F45-A85A-3C16-B672-6B1D97A41589}"
	ProjectSection(ProjectDependencies) = postProject
		{DC073BAC-0E77-358A-BE3E-47BB212EAC4A} = {DC073BAC-0E77-358A-BE3E-47BB212EAC4A}
	EndProjectSection
EndProject
Project("{8BC9CEB8-8B4A-11D0-8D11-00A0C91BC942}") = "discovery_only", "discovery_only.vcxproj", "{5A2FC43D-C29A-35AF-87D8-FB27D368AA58}"
	ProjectSection(ProjectDependencies) = postProject
		{DC073BAC-0E77-358A-BE3E-47BB212EAC4A} = {DC073BAC-0E77-358A-BE3E-47BB212EAC4A}
	EndProjectSection
EndProject
Project("{8BC9CEB8-8B4A-11D0-8D11-00A0C91BC942}") = "discovery_service", "discovery_service.vcxproj", "{376C1EAF-2839-3897-AF43-385D5C3BEE0B}"
	ProjectSection(ProjectDependencies) = postProject
		{DC073BAC-0E77-358A-BE3E-47BB212EAC4A} = {DC073BAC-0E77-358A-BE3E-47BB212EAC4A}
	EndProjectSection
EndProject
Project("{8BC9CEB8-8B4A-11D0-8D11-00A0C91BC942}") = "discovery_test", "discovery_test.vcxproj", "{17FDE7FA-42E4-35CE-82EC-D42875852F98}"
	ProjectSection(ProjectDependencies) = postProject
		{DC073BAC-0E77-358A-BE3E-47BB212EAC4A} = {DC073BAC-0E77-358A-BE3E-47BB212EAC4A}
	EndProjectSection
EndProject
Project("{8BC9CEB8-8B4A-11D0-8D11-00A0C91BC942}") = "simple_cpp_client", "simple_cpp_client.vcxproj", "{3E4A471F-5B1F-327C-BE3E-B8FFC617EF16}"
	ProjectSection(ProjectDependencies) = postProject
		{DC073BAC-0E77-358A-BE3E-47BB212EAC4A} = {DC073BAC-0E77-358A-BE3E-47BB212EAC4A}
	EndProjectSection
EndProject
Project("{8BC9CEB8-8B4A-11D0-8D11-00A0C91BC942}") = "stream_test_client", "stream_test_client.vcxproj", "{198BE404-1294-37C5-86FF-ED348FD9183C}"
	ProjectSection(ProjectDependencies) = postProject
		{DC073BAC-0E77-358A-BE3E-47BB212EAC4A} = {DC073BAC-0E77-358A-BE3E-47BB212EAC4A}
	EndProjectSection
EndProject
Project("{8BC9CEB8-8B4A-11D0-8D11-00A0C91BC942}") = "streaming_service", "streaming_service.vcxproj", "{F3DDE2F8-0272-3B9C-BE5F-9F35FEDCD92B}"
	ProjectSection(ProjectDependencies) = postProject
		{DC073BAC-0E77-358A-BE3E-47BB212EAC4A} = {DC073BAC-0E77-358A-BE3E-47BB212EAC4A}
	EndProjectSection
EndProject
Project("{8BC9CEB8-8B4A-11D0-8D11-00A0C91BC942}") = "test_opencv_stream", "test_opencv_stream.vcxproj", "{72123E18-1765-3ED2-8742-68D6216F2E62}"
	ProjectSection(ProjectDependencies) = postProject
		{DC073BAC-0E77-358A-BE3E-47BB212EAC4A} = {DC073BAC-0E77-358A-BE3E-47BB212EAC4A}
	EndProjectSection
EndProject
Global
	GlobalSection(SolutionConfigurationPlatforms) = preSolution
		Debug|x64 = Debug|x64
		Release|x64 = Release|x64
		MinSizeRel|x64 = MinSizeRel|x64
		RelWithDebInfo|x64 = RelWithDebInfo|x64
	EndGlobalSection
	GlobalSection(ProjectConfigurationPlatforms) = postSolution
		{8476EF8E-7C13-37AB-95B5-16234C96BDB6}.Debug|x64.ActiveCfg = Debug|x64
		{8476EF8E-7C13-37AB-95B5-16234C96BDB6}.Release|x64.ActiveCfg = Release|x64
		{8476EF8E-7C13-37AB-95B5-16234C96BDB6}.MinSizeRel|x64.ActiveCfg = MinSizeRel|x64
		{8476EF8E-7C13-37AB-95B5-16234C96BDB6}.RelWithDebInfo|x64.ActiveCfg = RelWithDebInfo|x64
		{DC073BAC-0E77-358A-BE3E-47BB212EAC4A}.Debug|x64.ActiveCfg = Debug|x64
		{DC073BAC-0E77-358A-BE3E-47BB212EAC4A}.Debug|x64.Build.0 = Debug|x64
		{DC073BAC-0E77-358A-BE3E-47BB212EAC4A}.Release|x64.ActiveCfg = Release|x64
		{DC073BAC-0E77-358A-BE3E-47BB212EAC4A}.Release|x64.Build.0 = Release|x64
		{DC073BAC-0E77-358A-BE3E-47BB212EAC4A}.MinSizeRel|x64.ActiveCfg = MinSizeRel|x64
		{DC073BAC-0E77-358A-BE3E-47BB212EAC4A}.MinSizeRel|x64.Build.0 = MinSizeRel|x64
		{DC073BAC-0E77-358A-BE3E-47BB212EAC4A}.RelWithDebInfo|x64.ActiveCfg = RelWithDebInfo|x64
		{DC073BAC-0E77-358A-BE3E-47BB212EAC4A}.RelWithDebInfo|x64.Build.0 = RelWithDebInfo|x64
		{B3300F45-A85A-3C16-B672-6B1D97A41589}.Debug|x64.ActiveCfg = Debug|x64
		{B3300F45-A85A-3C16-B672-6B1D97A41589}.Debug|x64.Build.0 = Debug|x64
		{B3300F45-A85A-3C16-B672-6B1D97A41589}.Release|x64.ActiveCfg = Release|x64
		{B3300F45-A85A-3C16-B672-6B1D97A41589}.Release|x64.Build.0 = Release|x64
		{B3300F45-A85A-3C16-B672-6B1D97A41589}.MinSizeRel|x64.ActiveCfg = MinSizeRel|x64
		{B3300F45-A85A-3C16-B672-6B1D97A41589}.MinSizeRel|x64.Build.0 = MinSizeRel|x64
		{B3300F45-A85A-3C16-B672-6B1D97A41589}.RelWithDebInfo|x64.ActiveCfg = RelWithDebInfo|x64
		{B3300F45-A85A-3C16-B672-6B1D97A41589}.RelWithDebInfo|x64.Build.0 = RelWithDebInfo|x64
		{5A2FC43D-C29A-35AF-87D8-FB27D368AA58}.Debug|x64.ActiveCfg = Debug|x64
		{5A2FC43D-C29A-35AF-87D8-FB27D368AA58}.Debug|x64.Build.0 = Debug|x64
		{5A2FC43D-C29A-35AF-87D8-FB27D368AA58}.Release|x64.ActiveCfg = Release|x64
		{5A2FC43D-C29A-35AF-87D8-FB27D368AA58}.Release|x64.Build.0 = Release|x64
		{5A2FC43D-C29A-35AF-87D8-FB27D368AA58}.MinSizeRel|x64.ActiveCfg = MinSizeRel|x64
		{5A2FC43D-C29A-35AF-87D8-FB27D368AA58}.MinSizeRel|x64.Build.0 = MinSizeRel|x64
		{5A2FC43D-C29A-35AF-87D8-FB27D368AA58}.RelWithDebInfo|x64.ActiveCfg = RelWithDebInfo|x64
		{5A2FC43D-C29A-35AF-87D8-FB27D368AA58}.RelWithDebInfo|x64.Build.0 = RelWithDebInfo|x64
		{376C1EAF-2839-3897-AF43-385D5C3BEE0B}.Debug|x64.ActiveCfg = Debug|x64
		{376C1EAF-2839-3897-AF43-385D5C3BEE0B}.Debug|x64.Build.0 = Debug|x64
		{376C1EAF-2839-3897-AF43-385D5C3BEE0B}.Release|x64.ActiveCfg = Release|x64
		{376C1EAF-2839-3897-AF43-385D5C3BEE0B}.Release|x64.Build.0 = Release|x64
		{376C1EAF-2839-3897-AF43-385D5C3BEE0B}.MinSizeRel|x64.ActiveCfg = MinSizeRel|x64
		{376C1EAF-2839-3897-AF43-385D5C3BEE0B}.MinSizeRel|x64.Build.0 = MinSizeRel|x64
		{376C1EAF-2839-3897-AF43-385D5C3BEE0B}.RelWithDebInfo|x64.ActiveCfg = RelWithDebInfo|x64
		{376C1EAF-2839-3897-AF43-385D5C3BEE0B}.RelWithDebInfo|x64.Build.0 = RelWithDebInfo|x64
		{17FDE7FA-42E4-35CE-82EC-D42875852F98}.Debug|x64.ActiveCfg = Debug|x64
		{17FDE7FA-42E4-35CE-82EC-D42875852F98}.Debug|x64.Build.0 = Debug|x64
		{17FDE7FA-42E4-35CE-82EC-D42875852F98}.Release|x64.ActiveCfg = Release|x64
		{17FDE7FA-42E4-35CE-82EC-D42875852F98}.Release|x64.Build.0 = Release|x64
		{17FDE7FA-42E4-35CE-82EC-D42875852F98}.MinSizeRel|x64.ActiveCfg = MinSizeRel|x64
		{17FDE7FA-42E4-35CE-82EC-D42875852F98}.MinSizeRel|x64.Build.0 = MinSizeRel|x64
		{17FDE7FA-42E4-35CE-82EC-D42875852F98}.RelWithDebInfo|x64.ActiveCfg = RelWithDebInfo|x64
		{17FDE7FA-42E4-35CE-82EC-D42875852F98}.RelWithDebInfo|x64.Build.0 = RelWithDebInfo|x64
		{3E4A471F-5B1F-327C-BE3E-B8FFC617EF16}.Debug|x64.ActiveCfg = Debug|x64
		{3E4A471F-5B1F-327C-BE3E-B8FFC617EF16}.Debug|x64.Build.0 = Debug|x64
		{3E4A471F-5B1F-327C-BE3E-B8FFC617EF16}.Release|x64.ActiveCfg = Release|x64
		{3E4A471F-5B1F-327C-BE3E-B8FFC617EF16}.Release|x64.Build.0 = Release|x64
		{3E4A471F-5B1F-327C-BE3E-B8FFC617EF16}.MinSizeRel|x64.ActiveCfg = MinSizeRel|x64
		{3E4A471F-5B1F-327C-BE3E-B8FFC617EF16}.MinSizeRel|x64.Build.0 = MinSizeRel|x64
		{3E4A471F-5B1F-327C-BE3E-B8FFC617EF16}.RelWithDebInfo|x64.ActiveCfg = RelWithDebInfo|x64
		{3E4A471F-5B1F-327C-BE3E-B8FFC617EF16}.RelWithDebInfo|x64.Build.0 = RelWithDebInfo|x64
		{198BE404-1294-37C5-86FF-ED348FD9183C}.Debug|x64.ActiveCfg = Debug|x64
		{198BE404-1294-37C5-86FF-ED348FD9183C}.Debug|x64.Build.0 = Debug|x64
		{198BE404-1294-37C5-86FF-ED348FD9183C}.Release|x64.ActiveCfg = Release|x64
		{198BE404-1294-37C5-86FF-ED348FD9183C}.Release|x64.Build.0 = Release|x64
		{198BE404-1294-37C5-86FF-ED348FD9183C}.MinSizeRel|x64.ActiveCfg = MinSizeRel|x64
		{198BE404-1294-37C5-86FF-ED348FD9183C}.MinSizeRel|x64.Build.0 = MinSizeRel|x64
		{198BE404-1294-37C5-86FF-ED348FD9183C}.RelWithDebInfo|x64.ActiveCfg = RelWithDebInfo|x64
		{198BE404-1294-37C5-86FF-ED348FD9183C}.RelWithDebInfo|x64.Build.0 = RelWithDebInfo|x64
		{F3DDE2F8-0272-3B9C-BE5F-9F35FEDCD92B}.Debug|x64.ActiveCfg = Debug|x64
		{F3DDE2F8-0272-3B9C-BE5F-9F35FEDCD92B}.Debug|x64.Build.0 = Debug|x64
		{F3DDE2F8-0272-3B9C-BE5F-9F35FEDCD92B}.Release|x64.ActiveCfg = Release|x64
		{F3DDE2F8-0272-3B9C-BE5F-9F35FEDCD92B}.Release|x64.Build.0 = Release|x64
		{F3DDE2F8-0272-3B9C-BE5F-9F35FEDCD92B}.MinSizeRel|x64.ActiveCfg = MinSizeRel|x64
		{F3DDE2F8-0272-3B9C-BE5F-9F35FEDCD92B}.MinSizeRel|x64.Build.0 = MinSizeRel|x64
		{F3DDE2F8-0272-3B9C-BE5F-9F35FEDCD92B}.RelWithDebInfo|x64.ActiveCfg = RelWithDebInfo|x64
		{F3DDE2F8-0272-3B9C-BE5F-9F35FEDCD92B}.RelWithDebInfo|x64.Build.0 = RelWithDebInfo|x64
		{72123E18-1765-3ED2-8742-68D6216F2E62}.Debug|x64.ActiveCfg = Debug|x64
		{72123E18-1765-3ED2-8742-68D6216F2E62}.Debug|x64.Build.0 = Debug|x64
		{72123E18-1765-3ED2-8742-68D6216F2E62}.Release|x64.ActiveCfg = Release|x64
		{72123E18-1765-3ED2-8742-68D6216F2E62}.Release|x64.Build.0 = Release|x64
		{72123E18-1765-3ED2-8742-68D6216F2E62}.MinSizeRel|x64.ActiveCfg = MinSizeRel|x64
		{72123E18-1765-3ED2-8742-68D6216F2E62}.MinSizeRel|x64.Build.0 = MinSizeRel|x64
		{72123E18-1765-3ED2-8742-68D6216F2E62}.RelWithDebInfo|x64.ActiveCfg = RelWithDebInfo|x64
		{72123E18-1765-3ED2-8742-68D6216F2E62}.RelWithDebInfo|x64.Build.0 = RelWithDebInfo|x64
	EndGlobalSection
	GlobalSection(ExtensibilityGlobals) = postSolution
		SolutionGuid = {7026ED8E-0F04-3DE8-88CF-3B31FBE99951}
	EndGlobalSection
	GlobalSection(ExtensibilityAddIns) = postSolution
	EndGlobalSection
EndGlobal
