<?xml version="1.0" encoding="utf-8"?>
<Project ToolsVersion="17.0" xmlns="http://schemas.microsoft.com/developer/msbuild/2003">
  <ItemGroup>
    <CustomBuild Include="C:\Users\Dani\Desktop\pelak\Sefro_CCTV_AI-main\packages\local_cpp\build_discovery\CMakeFiles\ef9a2ddcfabe9b768bf03e7d4b8b1962\generate.stamp.rule">
      <Filter>CMake Rules</Filter>
    </CustomBuild>
  </ItemGroup>
  <ItemGroup>
    <Filter Include="CMake Rules">
      <UniqueIdentifier>{CC9F7A9C-EFE6-392E-BFEE-83FA7EB8B02A}</UniqueIdentifier>
    </Filter>
  </ItemGroup>
</Project>
